
Microsoft Visual Studio Solution File, Format Version 12.00
# Visual Studio Version 16
VisualStudioVersion = 16.0.29911.84
MinimumVisualStudioVersion = 10.0.40219.1
Project("{8BC9CEB8-8B4A-11D0-8D11-00A0C91BC942}") = "SimpleMD", "SimpleMD.vcxproj", "{C57EA642-35BF-414E-8055-BC172EA4461F}"
EndProject
Global
	GlobalSection(SolutionConfigurationPlatforms) = preSolution
		Debug|x64 = Debug|x64
		Debug|x86 = Debug|x86
		Release|x64 = Release|x64
		Release|x86 = Release|x86
	EndGlobalSection
	GlobalSection(ProjectConfigurationPlatforms) = postSolution
		{C57EA642-35BF-414E-8055-BC172EA4461F}.Debug|x64.ActiveCfg = Debug|x64
		{C57EA642-35BF-414E-8055-BC172EA4461F}.Debug|x64.Build.0 = Debug|x64
		{C57EA642-35BF-414E-8055-BC172EA4461F}.Debug|x86.ActiveCfg = Debug|Win32
		{C57EA642-35BF-414E-8055-BC172EA4461F}.Debug|x86.Build.0 = Debug|Win32
		{C57EA642-35BF-414E-8055-BC172EA4461F}.Release|x64.ActiveCfg = Release|x64
		{C57EA642-35BF-414E-8055-BC172EA4461F}.Release|x64.Build.0 = Release|x64
		{C57EA642-35BF-414E-8055-BC172EA4461F}.Release|x86.ActiveCfg = Release|Win32
		{C57EA642-35BF-414E-8055-BC172EA4461F}.Release|x86.Build.0 = Release|Win32
	EndGlobalSection
	GlobalSection(SolutionProperties) = preSolution
		HideSolutionNode = FALSE
	EndGlobalSection
	GlobalSection(ExtensibilityGlobals) = postSolution
		SolutionGuid = {1C54B8FC-88F1-4043-BBD0-AD7DAD0622EA}
	EndGlobalSection
EndGlobal
